
Microsoft Visual Studio Solution File, Format Version 12.00
# Visual Studio 15
VisualStudioVersion = 15.0.28010.0
MinimumVisualStudioVersion = 10.0.40219.1
Project("{00D1A9C2-B5F0-4AF3-8072-F6C62B433612}") = "BabyPrawn", "BabyPrawn.sqlproj", "{71B3C7F1-A123-4EA3-923D-66E1882B225F}"
EndProject
Project("{FAE04EC0-301F-11D3-BF4B-00C04F79EFBC}") = "BabyPrawnAPI", "..\BabyPrawnAPI\BabyPrawnAPI.csproj", "{F8ADD22E-5D92-4BE2-8192-EE0EA50436E7}"
EndProject
Global
	GlobalSection(SolutionConfigurationPlatforms) = preSolution
		Debug|Any CPU = Debug|Any CPU
		Release|Any CPU = Release|Any CPU
	EndGlobalSection
	GlobalSection(ProjectConfigurationPlatforms) = postSolution
		{71B3C7F1-A123-4EA3-923D-66E1882B225F}.Debug|Any CPU.ActiveCfg = Debug|Any CPU
		{71B3C7F1-A123-4EA3-923D-66E1882B225F}.Debug|Any CPU.Build.0 = Debug|Any CPU
		{71B3C7F1-A123-4EA3-923D-66E1882B225F}.Debug|Any CPU.Deploy.0 = Debug|Any CPU
		{71B3C7F1-A123-4EA3-923D-66E1882B225F}.Release|Any CPU.ActiveCfg = Release|Any CPU
		{71B3C7F1-A123-4EA3-923D-66E1882B225F}.Release|Any CPU.Build.0 = Release|Any CPU
		{71B3C7F1-A123-4EA3-923D-66E1882B225F}.Release|Any CPU.Deploy.0 = Release|Any CPU
		{F8ADD22E-5D92-4BE2-8192-EE0EA50436E7}.Debug|Any CPU.ActiveCfg = Debug|Any CPU
		{F8ADD22E-5D92-4BE2-8192-EE0EA50436E7}.Debug|Any CPU.Build.0 = Debug|Any CPU
		{F8ADD22E-5D92-4BE2-8192-EE0EA50436E7}.Release|Any CPU.ActiveCfg = Release|Any CPU
		{F8ADD22E-5D92-4BE2-8192-EE0EA50436E7}.Release|Any CPU.Build.0 = Release|Any CPU
	EndGlobalSection
	GlobalSection(SolutionProperties) = preSolution
		HideSolutionNode = FALSE
	EndGlobalSection
	GlobalSection(ExtensibilityGlobals) = postSolution
		SolutionGuid = {ACB25A32-D259-4551-AA8F-382BB3C8B248}
	EndGlobalSection
EndGlobal
